// !$*UTF8*$!
{
	archiveVersion = 1;
	classes = {
	};
	objectVersion = 46;
	objects = {

/* Begin PBXBuildFile section */
		C33589651E425787004CF6DE /* AppDelegate.swift in Sources */ = {isa = PBXBuildFile; fileRef = C33589641E425787004CF6DE /* AppDelegate.swift */; };
		C33589671E425787004CF6DE /* ViewController.swift in Sources */ = {isa = PBXBuildFile; fileRef = C33589661E425787004CF6DE /* ViewController.swift */; };
		C335896A1E425787004CF6DE /* Main.storyboard in Resources */ = {isa = PBXBuildFile; fileRef = C33589681E425787004CF6DE /* Main.storyboard */; };
		C335896C1E425787004CF6DE /* Assets.xcassets in Resources */ = {isa = PBXBuildFile; fileRef = C335896B1E425787004CF6DE /* Assets.xcassets */; };
		C335896F1E425787004CF6DE /* LaunchScreen.storyboard in Resources */ = {isa = PBXBuildFile; fileRef = C335896D1E425787004CF6DE /* LaunchScreen.storyboard */; };
/* End PBXBuildFile section */

/* Begin PBXFileReference section */
		C33589611E425787004CF6DE /* FacialRecognitioniOS.app */ = {isa = PBXFileReference; explicitFileType = wrapper.application; includeInIndex = 0; path = FacialRecognitioniOS.app; sourceTree = BUILT_PRODUCTS_DIR; };
		C33589641E425787004CF6DE /* AppDelegate.swift */ = {isa = PBXFileReference; lastKnownFileType = sourcecode.swift; path = AppDelegate.swift; sourceTree = "<group>"; };
		C33589661E425787004CF6DE /* ViewController.swift */ = {isa = PBXFileReference; lastKnownFileType = sourcecode.swift; path = ViewController.swift; sourceTree = "<group>"; };
		C33589691E425787004CF6DE /* Base */ = {isa = PBXFileReference; lastKnownFileType = file.storyboard; name = Base; path = Base.lproj/Main.storyboard; sourceTree = "<group>"; };
		C335896B1E425787004CF6DE /* Assets.xcassets */ = {isa = PBXFileReference; lastKnownFileType = folder.assetcatalog; path = Assets.xcassets; sourceTree = "<group>"; };
		C335896E1E425787004CF6DE /* Base */ = {isa = PBXFileReference; lastKnownFileType = file.storyboard; name = Base; path = Base.lproj/LaunchScreen.storyboard; sourceTree = "<group>"; };
		C33589701E425787004CF6DE /* Info.plist */ = {isa = PBXFileReference; lastKnownFileType = text.plist.xml; path = Info.plist; sourceTree = "<group>"; };
/* End PBXFileReference section */

/* Begin PBXFrameworksBuildPhase section */
		C335895E1E425787004CF6DE /* Frameworks */ = {
			isa = PBXFrameworksBuildPhase;
			buildActionMask = 2147483647;
			files = (
			);
			runOnlyForDeploymentPostprocessing = 0;
		};
/* End PBXFrameworksBuildPhase section */

/* Begin PBXGroup section */
		C33589581E425787004CF6DE = {
			isa = PBXGroup;
			children = (
				C33589631E425787004CF6DE /* FacialRecognitioniOS */,
				C33589621E425787004CF6DE /* Products */,
			);
			sourceTree = "<group>";
		};
		C33589621E425787004CF6DE /* Products */ = {
			isa = PBXGroup;
			children = (
				C33589611E425787004CF6DE /* FacialRecognitioniOS.app */,
			);
			name = Products;
			sourceTree = "<group>";
		};
		C33589631E425787004CF6DE /* FacialRecognitioniOS */ = {
			isa = PBXGroup;
			children = (
				C33589641E425787004CF6DE /* AppDelegate.swift */,
				C33589661E425787004CF6DE /* ViewController.swift */,
				C33589681E425787004CF6DE /* Main.storyboard */,
				C335896B1E425787004CF6DE /* Assets.xcassets */,
				C335896D1E425787004CF6DE /* LaunchScreen.storyboard */,
				C33589701E425787004CF6DE /* Info.plist */,
			);
			path = FacialRecognitioniOS;
			sourceTree = "<group>";
		};
/* End PBXGroup section */

/* Begin PBXNativeTarget section */
		C33589601E425787004CF6DE /* FacialRecognitioniOS */ = {
			isa = PBXNativeTarget;
			buildConfigurationList = C33589731E425787004CF6DE /* Build configuration list for PBXNativeTarget "FacialRecognitioniOS" */;
			buildPhases = (
				C335895D1E425787004CF6DE /* Sources */,
				C335895E1E425787004CF6DE /* Frameworks */,
				C335895F1E425787004CF6DE /* Resources */,
			);
			buildRules = (
			);
			dependencies = (
			);
			name = FacialRecognitioniOS;
			productName = FacialRecognitioniOS;
			productReference = C33589611E425787004CF6DE /* FacialRecognitioniOS.app */;
			productType = "com.apple.product-type.application";
		};
/* End PBXNativeTarget section */

/* Begin PBXProject section */
		C33589591E425787004CF6DE /* Project object */ = {
			isa = PBXProject;
			attributes = {
				LastSwiftUpdateCheck = 0810;
				LastUpgradeCheck = 0810;
				ORGANIZATIONNAME = "Alexandra Lifa";
				TargetAttributes = {
					C33589601E425787004CF6DE = {
						CreatedOnToolsVersion = 8.1;
						DevelopmentTeam = 2N8B9ZL63N;
						ProvisioningStyle = Automatic;
					};
				};
			};
			buildConfigurationList = C335895C1E425787004CF6DE /* Build configuration list for PBXProject "FacialRecognitioniOS" */;
			compatibilityVersion = "Xcode 3.2";
			developmentRegion = English;
			hasScannedForEncodings = 0;
			knownRegions = (
				en,
				Base,
			);
			mainGroup = C33589581E425787004CF6DE;
			productRefGroup = C33589621E425787004CF6DE /* Products */;
			projectDirPath = "";
			projectRoot = "";
			targets = (
				C33589601E425787004CF6DE /* FacialRecognitioniOS */,
			);
		};
/* End PBXProject section */

/* Begin PBXResourcesBuildPhase section */
		C335895F1E425787004CF6DE /* Resources */ = {
			isa = PBXResourcesBuildPhase;
			buildActionMask = 2147483647;
			files = (
				C335896F1E425787004CF6DE /* LaunchScreen.storyboard in Resources */,
				C335896C1E425787004CF6DE /* Assets.xcassets in Resources */,
				C335896A1E425787004CF6DE /* Main.storyboard in Resources */,
			);
			runOnlyForDeploymentPostprocessing = 0;
		};
/* End PBXResourcesBuildPhase section */

/* Begin PBXSourcesBuildPhase section */
		C335895D1E425787004CF6DE /* Sources */ = {
			isa = PBXSourcesBuildPhase;
			buildActionMask = 2147483647;
			files = (
				C33589671E425787004CF6DE /* ViewController.swift in Sources */,
				C33589651E425787004CF6DE /* AppDelegate.swift in Sources */,
			);
			runOnlyForDeploymentPostprocessing = 0;
		};
/* End PBXSourcesBuildPhase section */

/* Begin PBXVariantGroup section */
		C33589681E425787004CF6DE /* Main.storyboard */ = {
			isa = PBXVariantGroup;
			children = (
				C33589691E425787004CF6DE /* Base */,
			);
			name = Main.storyboard;
			sourceTree = "<group>";
		};
		C335896D1E425787004CF6DE /* LaunchScreen.storyboard */ = {
			isa = PBXVariantGroup;
			children = (
				C335896E1E425787004CF6DE /* Base */,
			);
			name = LaunchScreen.storyboard;
			sourceTree = "<group>";
		};
/* End PBXVariantGroup section */

/* Begin XCBuildConfiguration section */
		C33589711E425787004CF6DE /* Debug */ = {
			isa = XCBuildConfiguration;
			buildSettings = {
				ALWAYS_SEARCH_USER_PATHS = NO;
				CLANG_ANALYZER_NONNULL = YES;
				CLANG_CXX_LANGUAGE_STANDARD = "gnu++0x";
				CLANG_CXX_LIBRARY = "libc++";
				CLANG_ENABLE_MODULES = YES;
				CLANG_ENABLE_OBJC_ARC = YES;
				CLANG_WARN_BOOL_CONVERSION = YES;
				CLANG_WARN_CONSTANT_CONVERSION = YES;
				CLANG_WARN_DIRECT_OBJC_ISA_USAGE = YES_ERROR;
				CLANG_WARN_DOCUMENTATION_COMMENTS = YES;
				CLANG_WARN_EMPTY_BODY = YES;
				CLANG_WARN_ENUM_CONVERSION = YES;
				CLANG_WARN_INFINITE_RECURSION = YES;
				CLANG_WARN_INT_CONVERSION = YES;
				CLANG_WARN_OBJC_ROOT_CLASS = YES_ERROR;
				CLANG_WARN_SUSPICIOUS_MOVES = YES;
				CLANG_WARN_UNREACHABLE_CODE = YES;
				CLANG_WARN__DUPLICATE_METHOD_MATCH = YES;
				"CODE_SIGN_IDENTITY[sdk=iphoneos*]" = "iPhone Developer";
				COPY_PHASE_STRIP = NO;
				DEBUG_INFORMATION_FORMAT = dwarf;
				ENABLE_STRICT_OBJC_MSGSEND = YES;
				ENABLE_TESTABILITY = YES;
				GCC_C_LANGUAGE_STANDARD = gnu99;
				GCC_DYNAMIC_NO_PIC = NO;
				GCC_NO_COMMON_BLOCKS = YES;
				GCC_OPTIMIZATION_LEVEL = 0;
				GCC_PREPROCESSOR_DEFINITIONS = (
					"DEBUG=1",
					"$(inherited)",
				);
				GCC_WARN_64_TO_32_BIT_CONVERSION = YES;
				GCC_WARN_ABOUT_RETURN_TYPE = YES_ERROR;
				GCC_WARN_UNDECLARED_SELECTOR = YES;
				GCC_WARN_UNINITIALIZED_AUTOS = YES_AGGRESSIVE;
				GCC_WARN_UNUSED_FUNCTION = YES;
				GCC_WARN_UNUSED_VARIABLE = YES;
				IPHONEOS_DEPLOYMENT_TARGET = 10.1;
				MTL_ENABLE_DEBUG_INFO = YES;
				ONLY_ACTIVE_ARCH = YES;
				SDKROOT = iphoneos;
				SWIFT_ACTIVE_COMPILATION_CONDITIONS = DEBUG;
				SWIFT_OPTIMIZATION_LEVEL = "-Onone";
				TARGETED_DEVICE_FAMILY = "1,2";
			};
			name = Debug;
		};
		C33589721E425787004CF6DE /* Release */ = {
			isa = XCBuildConfiguration;
			buildSettings = {
				ALWAYS_SEARCH_USER_PATHS = NO;
				CLANG_ANALYZER_NONNULL = YES;
				CLANG_CXX_LANGUAGE_STANDARD = "gnu++0x";
				CLANG_CXX_LIBRARY = "libc++";
				CLANG_ENABLE_MODULES = YES;
				CLANG_ENABLE_OBJC_ARC = YES;
				CLANG_WARN_BOOL_CONVERSION = YES;
				CLANG_WARN_CONSTANT_CONVERSION = YES;
				CLANG_WARN_DIRECT_OBJC_ISA_USAGE = YES_ERROR;
				CLANG_WARN_DOCUMENTATION_COMMENTS = YES;
				CLANG_WARN_EMPTY_BODY = YES;
				CLANG_WARN_ENUM_CONVERSION = YES;
				CLANG_WARN_INFINITE_RECURSION = YES;
				CLANG_WARN_INT_CONVERSION = YES;
				CLANG_WARN_OBJC_ROOT_CLASS = YES_ERROR;
				CLANG_WARN_SUSPICIOUS_MOVES = YES;
				CLANG_WARN_UNREACHABLE_CODE = YES;
				CLANG_WARN__DUPLICATE_METHOD_MATCH = YES;
				"CODE_SIGN_IDENTITY[sdk=iphoneos*]" = "iPhone Developer";
				COPY_PHASE_STRIP = NO;
				DEBUG_INFORMATION_FORMAT = "dwarf-with-dsym";
				ENABLE_NS_ASSERTIONS = NO;
				ENABLE_STRICT_OBJC_MSGSEND = YES;
				GCC_C_LANGUAGE_STANDARD = gnu99;
				GCC_NO_COMMON_BLOCKS = YES;
				GCC_WARN_64_TO_32_BIT_CONVERSION = YES;
				GCC_WARN_ABOUT_RETURN_TYPE = YES_ERROR;
				GCC_WARN_UNDECLARED_SELECTOR = YES;
				GCC_WARN_UNINITIALIZED_AUTOS = YES_AGGRESSIVE;
				GCC_WARN_UNUSED_FUNCTION = YES;
				GCC_WARN_UNUSED_VARIABLE = YES;
				IPHONEOS_DEPLOYMENT_TARGET = 10.1;
				MTL_ENABLE_DEBUG_INFO = NO;
				SDKROOT = iphoneos;
				SWIFT_OPTIMIZATION_LEVEL = "-Owholemodule";
				TARGETED_DEVICE_FAMILY = "1,2";
				VALIDATE_PRODUCT = YES;
			};
			name = Release;
		};
		C33589741E425787004CF6DE /* Debug */ = {
			isa = XCBuildConfiguration;
			buildSettings = {
				ASSETCATALOG_COMPILER_APPICON_NAME = AppIcon;
				DEVELOPMENT_TEAM = 2N8B9ZL63N;
				INFOPLIST_FILE = FacialRecognitioniOS/Info.plist;
				LD_RUNPATH_SEARCH_PATHS = "$(inherited) @executable_path/Frameworks";
				PRODUCT_BUNDLE_IDENTIFIER = com.AlexandraLifa.FacialRecognitioniOS;
				PRODUCT_NAME = "$(TARGET_NAME)";
				SWIFT_VERSION = 3.0;
			};
			name = Debug;
		};
		C33589751E425787004CF6DE /* Release */ = {
			isa = XCBuildConfiguration;
			buildSettings = {
				ASSETCATALOG_COMPILER_APPICON_NAME = AppIcon;
				DEVELOPMENT_TEAM = 2N8B9ZL63N;
				INFOPLIST_FILE = FacialRecognitioniOS/Info.plist;
				LD_RUNPATH_SEARCH_PATHS = "$(inherited) @executable_path/Frameworks";
				PRODUCT_BUNDLE_IDENTIFIER = com.AlexandraLifa.FacialRecognitioniOS;
				PRODUCT_NAME = "$(TARGET_NAME)";
				SWIFT_VERSION = 3.0;
			};
			name = Release;
		};
/* End XCBuildConfiguration section */

/* Begin XCConfigurationList section */
		C335895C1E425787004CF6DE /* Build configuration list for PBXProject "FacialRecognitioniOS" */ = {
			isa = XCConfigurationList;
			buildConfigurations = (
				C33589711E425787004CF6DE /* Debug */,
				C33589721E425787004CF6DE /* Release */,
			);
			defaultConfigurationIsVisible = 0;
			defaultConfigurationName = Release;
		};
		C33589731E425787004CF6DE /* Build configuration list for PBXNativeTarget "FacialRecognitioniOS" */ = {
			isa = XCConfigurationList;
			buildConfigurations = (
				C33589741E425787004CF6DE /* Debug */,
				C33589751E425787004CF6DE /* Release */,
			);
			defaultConfigurationIsVisible = 0;
		};
/* End XCConfigurationList section */
	};
	rootObject = C33589591E425787004CF6DE /* Project object */;
}
